
Microsoft Visual Studio Solution File, Format Version 12.00
# Visual Studio Version 17
VisualStudioVersion = 17.7.34031.279
MinimumVisualStudioVersion = 10.0.40219.1
Project("{FAE04EC0-301F-11D3-BF4B-00C04F79EFBC}") = "opdracht1", "opdracht1\opdracht1.csproj", "{C34E4EED-EFCF-439A-9942-DFC2F9212E8A}"
EndProject
Global
	GlobalSection(SolutionConfigurationPlatforms) = preSolution
		Debug|Any CPU = Debug|Any CPU
		Release|Any CPU = Release|Any CPU
	EndGlobalSection
	GlobalSection(ProjectConfigurationPlatforms) = postSolution
		{C34E4EED-EFCF-439A-9942-DFC2F9212E8A}.Debug|Any CPU.ActiveCfg = Debug|Any CPU
		{C34E4EED-EFCF-439A-9942-DFC2F9212E8A}.Debug|Any CPU.Build.0 = Debug|Any CPU
		{C34E4EED-EFCF-439A-9942-DFC2F9212E8A}.Release|Any CPU.ActiveCfg = Release|Any CPU
		{C34E4EED-EFCF-439A-9942-DFC2F9212E8A}.Release|Any CPU.Build.0 = Release|Any CPU
	EndGlobalSection
	GlobalSection(SolutionProperties) = preSolution
		HideSolutionNode = FALSE
	EndGlobalSection
	GlobalSection(ExtensibilityGlobals) = postSolution
		SolutionGuid = {1D983890-E583-41DD-8789-DBC8C7844AFC}
	EndGlobalSection
EndGlobal
